
Microsoft Visual Studio Solution File, Format Version 12.00
# Visual Studio Version 16
VisualStudioVersion = 16.0.30717.126
MinimumVisualStudioVersion = 10.0.40219.1
Project("{9A19103F-16F7-4668-BE54-9A1E7A4F7556}") = "BDF.VehicleTracker.PL", "BDF.VehicleTracker.PL\BDF.VehicleTracker.PL.csproj", "{25B19973-3691-4FFD-B974-2D6DE2B67786}"
EndProject
Project("{9A19103F-16F7-4668-BE54-9A1E7A4F7556}") = "BDF.VehicleTracker.BL.Models", "BDF.VehicleTracker.BL.Models\BDF.VehicleTracker.BL.Models.csproj", "{1DCBDBBA-0A2A-4F8D-AD71-128D07118F98}"
EndProject
Project("{9A19103F-16F7-4668-BE54-9A1E7A4F7556}") = "BDF.VehicleTracker.BL", "BDF.VehicleTracker.BL\BDF.VehicleTracker.BL.csproj", "{E4E4A7FF-7477-42E1-948A-843D8AAA9981}"
EndProject
Project("{9A19103F-16F7-4668-BE54-9A1E7A4F7556}") = "BDF.VehicleTracker.PL.Test", "BDF.VehicleTracker.PL.Test\BDF.VehicleTracker.PL.Test.csproj", "{523D1769-7536-44A9-859A-A396681D378D}"
EndProject
Project("{9A19103F-16F7-4668-BE54-9A1E7A4F7556}") = "BDF.VehicleTracker.UI", "BDF.VehicleTracker.UI\BDF.VehicleTracker.UI.csproj", "{365C0B7B-139E-4F8B-B45D-4A8E57A86900}"
EndProject
Project("{00D1A9C2-B5F0-4AF3-8072-F6C62B433612}") = "BDF.VehicleTracker.DB", "BDF.VehicleTracker.DB\BDF.VehicleTracker.DB.sqlproj", "{3AD18E24-CD0A-4D41-8433-4293A06D78FF}"
EndProject
Project("{9A19103F-16F7-4668-BE54-9A1E7A4F7556}") = "BDF.VehicleTracker.API", "BDF.VehicleTracker.API\BDF.VehicleTracker.API.csproj", "{81219CA5-0DBC-4CDC-AE4A-655502305159}"
EndProject
Project("{9A19103F-16F7-4668-BE54-9A1E7A4F7556}") = "WebApplication2", "WebApplication2\WebApplication2.csproj", "{A9B7C956-8139-4D78-85BD-AE0391848933}"
EndProject
Project("{9A19103F-16F7-4668-BE54-9A1E7A4F7556}") = "BDF.VehicleTracker.BL.Test", "BDF.VehicleTracker.BL.Test\BDF.VehicleTracker.BL.Test.csproj", "{DDAD2901-3EB6-4A99-BFCA-0742C7E17DD0}"
EndProject
Project("{2150E333-8FDC-42A3-9474-1A3956D46DE8}") = "Solution Items", "Solution Items", "{B0DDD88D-71B2-4687-8697-1FAFA7C70767}"
	ProjectSection(SolutionItems) = preProject
		TextFile1.txt = TextFile1.txt
	EndProjectSection
EndProject
Project("{FAE04EC0-301F-11D3-BF4B-00C04F79EFBC}") = "BDF.VehicleTracker.Mobile.Android", "BDF.VehicleTracker.Mobile\BDF.VehicleTracker.Mobile.Android\BDF.VehicleTracker.Mobile.Android.csproj", "{EA0E5661-775D-439F-A08F-CA4B9050E3E4}"
EndProject
Project("{FAE04EC0-301F-11D3-BF4B-00C04F79EFBC}") = "BDF.VehicleTracker.Mobile.iOS", "BDF.VehicleTracker.Mobile\BDF.VehicleTracker.Mobile.iOS\BDF.VehicleTracker.Mobile.iOS.csproj", "{A8F46E37-D1BD-4C5B-899B-192D6CC9289E}"
EndProject
Project("{9A19103F-16F7-4668-BE54-9A1E7A4F7556}") = "BDF.VehicleTracker.Mobile", "BDF.VehicleTracker.Mobile\BDF.VehicleTracker.Mobile\BDF.VehicleTracker.Mobile.csproj", "{E47F3607-B82F-4CD0-BDCB-CD27DAA45FDF}"
EndProject
Project("{9A19103F-16F7-4668-BE54-9A1E7A4F7556}") = "TestProject1", "TestProject1\TestProject1.csproj", "{7164F9D2-6AE0-42B6-BFDA-FA5E22E1635F}"
EndProject
Project("{9A19103F-16F7-4668-BE54-9A1E7A4F7556}") = "TestProject2", "TestProject2\TestProject2.csproj", "{BCA266CE-5D1B-4E35-84DA-389A41FDECE5}"
EndProject
Project("{FAE04EC0-301F-11D3-BF4B-00C04F79EFBC}") = "WindowsFormsSample", "WindowsFormsSample\WindowsFormsSample\WindowsFormsSample.csproj", "{BDB97E88-B2C0-44C5-982E-D9CF0EBCA451}"
EndProject
Project("{9A19103F-16F7-4668-BE54-9A1E7A4F7556}") = "ChatClient", "WindowsFormsSample\ChatClient\ChatClient.csproj", "{FB2E696F-818D-4896-9C87-DD07921F8FA1}"
EndProject
Project("{9A19103F-16F7-4668-BE54-9A1E7A4F7556}") = "BDF.VehicleTracker.Reporting", "BDF.VehicleTracker.Reporting\BDF.VehicleTracker.Reporting.csproj", "{4B4C4DB8-0233-4774-905A-23FDC75453C5}"
EndProject
Project("{FAE04EC0-301F-11D3-BF4B-00C04F79EFBC}") = "BDF.VehicleTracker.UWPUI", "BDF.VehicleTracker.UWPUI\BDF.VehicleTracker.UWPUI.csproj", "{A75BA1DB-8021-47D0-A00E-1D8110055BBE}"
EndProject
Project("{FAE04EC0-301F-11D3-BF4B-00C04F79EFBC}") = "BDF.VehicleTracker.UWPBL", "BDF.VehicleTracker.UWPBL\BDF.VehicleTracker.UWPBL.csproj", "{466E5EB0-FCC3-47DE-9CA6-7A00A32C129D}"
EndProject
Global
	GlobalSection(SolutionConfigurationPlatforms) = preSolution
		Debug|Any CPU = Debug|Any CPU
		Debug|ARM = Debug|ARM
		Debug|ARM64 = Debug|ARM64
		Debug|iPhone = Debug|iPhone
		Debug|iPhoneSimulator = Debug|iPhoneSimulator
		Debug|x64 = Debug|x64
		Debug|x86 = Debug|x86
		Release|Any CPU = Release|Any CPU
		Release|ARM = Release|ARM
		Release|ARM64 = Release|ARM64
		Release|iPhone = Release|iPhone
		Release|iPhoneSimulator = Release|iPhoneSimulator
		Release|x64 = Release|x64
		Release|x86 = Release|x86
	EndGlobalSection
	GlobalSection(ProjectConfigurationPlatforms) = postSolution
		{25B19973-3691-4FFD-B974-2D6DE2B67786}.Debug|Any CPU.ActiveCfg = Debug|Any CPU
		{25B19973-3691-4FFD-B974-2D6DE2B67786}.Debug|Any CPU.Build.0 = Debug|Any CPU
		{25B19973-3691-4FFD-B974-2D6DE2B67786}.Debug|ARM.ActiveCfg = Debug|Any CPU
		{25B19973-3691-4FFD-B974-2D6DE2B67786}.Debug|ARM.Build.0 = Debug|Any CPU
		{25B19973-3691-4FFD-B974-2D6DE2B67786}.Debug|ARM64.ActiveCfg = Debug|Any CPU
		{25B19973-3691-4FFD-B974-2D6DE2B67786}.Debug|ARM64.Build.0 = Debug|Any CPU
		{25B19973-3691-4FFD-B974-2D6DE2B67786}.Debug|iPhone.ActiveCfg = Debug|Any CPU
		{25B19973-3691-4FFD-B974-2D6DE2B67786}.Debug|iPhone.Build.0 = Debug|Any CPU
		{25B19973-3691-4FFD-B974-2D6DE2B67786}.Debug|iPhoneSimulator.ActiveCfg = Debug|Any CPU
		{25B19973-3691-4FFD-B974-2D6DE2B67786}.Debug|iPhoneSimulator.Build.0 = Debug|Any CPU
		{25B19973-3691-4FFD-B974-2D6DE2B67786}.Debug|x64.ActiveCfg = Debug|Any CPU
		{25B19973-3691-4FFD-B974-2D6DE2B67786}.Debug|x64.Build.0 = Debug|Any CPU
		{25B19973-3691-4FFD-B974-2D6DE2B67786}.Debug|x86.ActiveCfg = Debug|Any CPU
		{25B19973-3691-4FFD-B974-2D6DE2B67786}.Debug|x86.Build.0 = Debug|Any CPU
		{25B19973-3691-4FFD-B974-2D6DE2B67786}.Release|Any CPU.ActiveCfg = Release|Any CPU
		{25B19973-3691-4FFD-B974-2D6DE2B67786}.Release|Any CPU.Build.0 = Release|Any CPU
		{25B19973-3691-4FFD-B974-2D6DE2B67786}.Release|ARM.ActiveCfg = Release|Any CPU
		{25B19973-3691-4FFD-B974-2D6DE2B67786}.Release|ARM.Build.0 = Release|Any CPU
		{25B19973-3691-4FFD-B974-2D6DE2B67786}.Release|ARM64.ActiveCfg = Release|Any CPU
		{25B19973-3691-4FFD-B974-2D6DE2B67786}.Release|ARM64.Build.0 = Release|Any CPU
		{25B19973-3691-4FFD-B974-2D6DE2B67786}.Release|iPhone.ActiveCfg = Release|Any CPU
		{25B19973-3691-4FFD-B974-2D6DE2B67786}.Release|iPhone.Build.0 = Release|Any CPU
		{25B19973-3691-4FFD-B974-2D6DE2B67786}.Release|iPhoneSimulator.ActiveCfg = Release|Any CPU
		{25B19973-3691-4FFD-B974-2D6DE2B67786}.Release|iPhoneSimulator.Build.0 = Release|Any CPU
		{25B19973-3691-4FFD-B974-2D6DE2B67786}.Release|x64.ActiveCfg = Release|Any CPU
		{25B19973-3691-4FFD-B974-2D6DE2B67786}.Release|x64.Build.0 = Release|Any CPU
		{25B19973-3691-4FFD-B974-2D6DE2B67786}.Release|x86.ActiveCfg = Release|Any CPU
		{25B19973-3691-4FFD-B974-2D6DE2B67786}.Release|x86.Build.0 = Release|Any CPU
		{1DCBDBBA-0A2A-4F8D-AD71-128D07118F98}.Debug|Any CPU.ActiveCfg = Debug|Any CPU
		{1DCBDBBA-0A2A-4F8D-AD71-128D07118F98}.Debug|Any CPU.Build.0 = Debug|Any CPU
		{1DCBDBBA-0A2A-4F8D-AD71-128D07118F98}.Debug|ARM.ActiveCfg = Debug|Any CPU
		{1DCBDBBA-0A2A-4F8D-AD71-128D07118F98}.Debug|ARM.Build.0 = Debug|Any CPU
		{1DCBDBBA-0A2A-4F8D-AD71-128D07118F98}.Debug|ARM64.ActiveCfg = Debug|Any CPU
		{1DCBDBBA-0A2A-4F8D-AD71-128D07118F98}.Debug|ARM64.Build.0 = Debug|Any CPU
		{1DCBDBBA-0A2A-4F8D-AD71-128D07118F98}.Debug|iPhone.ActiveCfg = Debug|Any CPU
		{1DCBDBBA-0A2A-4F8D-AD71-128D07118F98}.Debug|iPhone.Build.0 = Debug|Any CPU
		{1DCBDBBA-0A2A-4F8D-AD71-128D07118F98}.Debug|iPhoneSimulator.ActiveCfg = Debug|Any CPU
		{1DCBDBBA-0A2A-4F8D-AD71-128D07118F98}.Debug|iPhoneSimulator.Build.0 = Debug|Any CPU
		{1DCBDBBA-0A2A-4F8D-AD71-128D07118F98}.Debug|x64.ActiveCfg = Debug|Any CPU
		{1DCBDBBA-0A2A-4F8D-AD71-128D07118F98}.Debug|x64.Build.0 = Debug|Any CPU
		{1DCBDBBA-0A2A-4F8D-AD71-128D07118F98}.Debug|x86.ActiveCfg = Debug|Any CPU
		{1DCBDBBA-0A2A-4F8D-AD71-128D07118F98}.Debug|x86.Build.0 = Debug|Any CPU
		{1DCBDBBA-0A2A-4F8D-AD71-128D07118F98}.Release|Any CPU.ActiveCfg = Release|Any CPU
		{1DCBDBBA-0A2A-4F8D-AD71-128D07118F98}.Release|Any CPU.Build.0 = Release|Any CPU
		{1DCBDBBA-0A2A-4F8D-AD71-128D07118F98}.Release|ARM.ActiveCfg = Release|Any CPU
		{1DCBDBBA-0A2A-4F8D-AD71-128D07118F98}.Release|ARM.Build.0 = Release|Any CPU
		{1DCBDBBA-0A2A-4F8D-AD71-128D07118F98}.Release|ARM64.ActiveCfg = Release|Any CPU
		{1DCBDBBA-0A2A-4F8D-AD71-128D07118F98}.Release|ARM64.Build.0 = Release|Any CPU
		{1DCBDBBA-0A2A-4F8D-AD71-128D07118F98}.Release|iPhone.ActiveCfg = Release|Any CPU
		{1DCBDBBA-0A2A-4F8D-AD71-128D07118F98}.Release|iPhone.Build.0 = Release|Any CPU
		{1DCBDBBA-0A2A-4F8D-AD71-128D07118F98}.Release|iPhoneSimulator.ActiveCfg = Release|Any CPU
		{1DCBDBBA-0A2A-4F8D-AD71-128D07118F98}.Release|iPhoneSimulator.Build.0 = Release|Any CPU
		{1DCBDBBA-0A2A-4F8D-AD71-128D07118F98}.Release|x64.ActiveCfg = Release|Any CPU
		{1DCBDBBA-0A2A-4F8D-AD71-128D07118F98}.Release|x64.Build.0 = Release|Any CPU
		{1DCBDBBA-0A2A-4F8D-AD71-128D07118F98}.Release|x86.ActiveCfg = Release|Any CPU
		{1DCBDBBA-0A2A-4F8D-AD71-128D07118F98}.Release|x86.Build.0 = Release|Any CPU
		{E4E4A7FF-7477-42E1-948A-843D8AAA9981}.Debug|Any CPU.ActiveCfg = Debug|Any CPU
		{E4E4A7FF-7477-42E1-948A-843D8AAA9981}.Debug|Any CPU.Build.0 = Debug|Any CPU
		{E4E4A7FF-7477-42E1-948A-843D8AAA9981}.Debug|ARM.ActiveCfg = Debug|Any CPU
		{E4E4A7FF-7477-42E1-948A-843D8AAA9981}.Debug|ARM.Build.0 = Debug|Any CPU
		{E4E4A7FF-7477-42E1-948A-843D8AAA9981}.Debug|ARM64.ActiveCfg = Debug|Any CPU
		{E4E4A7FF-7477-42E1-948A-843D8AAA9981}.Debug|ARM64.Build.0 = Debug|Any CPU
		{E4E4A7FF-7477-42E1-948A-843D8AAA9981}.Debug|iPhone.ActiveCfg = Debug|Any CPU
		{E4E4A7FF-7477-42E1-948A-843D8AAA9981}.Debug|iPhone.Build.0 = Debug|Any CPU
		{E4E4A7FF-7477-42E1-948A-843D8AAA9981}.Debug|iPhoneSimulator.ActiveCfg = Debug|Any CPU
		{E4E4A7FF-7477-42E1-948A-843D8AAA9981}.Debug|iPhoneSimulator.Build.0 = Debug|Any CPU
		{E4E4A7FF-7477-42E1-948A-843D8AAA9981}.Debug|x64.ActiveCfg = Debug|Any CPU
		{E4E4A7FF-7477-42E1-948A-843D8AAA9981}.Debug|x64.Build.0 = Debug|Any CPU
		{E4E4A7FF-7477-42E1-948A-843D8AAA9981}.Debug|x86.ActiveCfg = Debug|Any CPU
		{E4E4A7FF-7477-42E1-948A-843D8AAA9981}.Debug|x86.Build.0 = Debug|Any CPU
		{E4E4A7FF-7477-42E1-948A-843D8AAA9981}.Release|Any CPU.ActiveCfg = Release|Any CPU
		{E4E4A7FF-7477-42E1-948A-843D8AAA9981}.Release|Any CPU.Build.0 = Release|Any CPU
		{E4E4A7FF-7477-42E1-948A-843D8AAA9981}.Release|ARM.ActiveCfg = Release|Any CPU
		{E4E4A7FF-7477-42E1-948A-843D8AAA9981}.Release|ARM.Build.0 = Release|Any CPU
		{E4E4A7FF-7477-42E1-948A-843D8AAA9981}.Release|ARM64.ActiveCfg = Release|Any CPU
		{E4E4A7FF-7477-42E1-948A-843D8AAA9981}.Release|ARM64.Build.0 = Release|Any CPU
		{E4E4A7FF-7477-42E1-948A-843D8AAA9981}.Release|iPhone.ActiveCfg = Release|Any CPU
		{E4E4A7FF-7477-42E1-948A-843D8AAA9981}.Release|iPhone.Build.0 = Release|Any CPU
		{E4E4A7FF-7477-42E1-948A-843D8AAA9981}.Release|iPhoneSimulator.ActiveCfg = Release|Any CPU
		{E4E4A7FF-7477-42E1-948A-843D8AAA9981}.Release|iPhoneSimulator.Build.0 = Release|Any CPU
		{E4E4A7FF-7477-42E1-948A-843D8AAA9981}.Release|x64.ActiveCfg = Release|Any CPU
		{E4E4A7FF-7477-42E1-948A-843D8AAA9981}.Release|x64.Build.0 = Release|Any CPU
		{E4E4A7FF-7477-42E1-948A-843D8AAA9981}.Release|x86.ActiveCfg = Release|Any CPU
		{E4E4A7FF-7477-42E1-948A-843D8AAA9981}.Release|x86.Build.0 = Release|Any CPU
		{523D1769-7536-44A9-859A-A396681D378D}.Debug|Any CPU.ActiveCfg = Debug|Any CPU
		{523D1769-7536-44A9-859A-A396681D378D}.Debug|Any CPU.Build.0 = Debug|Any CPU
		{523D1769-7536-44A9-859A-A396681D378D}.Debug|ARM.ActiveCfg = Debug|Any CPU
		{523D1769-7536-44A9-859A-A396681D378D}.Debug|ARM.Build.0 = Debug|Any CPU
		{523D1769-7536-44A9-859A-A396681D378D}.Debug|ARM64.ActiveCfg = Debug|Any CPU
		{523D1769-7536-44A9-859A-A396681D378D}.Debug|ARM64.Build.0 = Debug|Any CPU
		{523D1769-7536-44A9-859A-A396681D378D}.Debug|iPhone.ActiveCfg = Debug|Any CPU
		{523D1769-7536-44A9-859A-A396681D378D}.Debug|iPhone.Build.0 = Debug|Any CPU
		{523D1769-7536-44A9-859A-A396681D378D}.Debug|iPhoneSimulator.ActiveCfg = Debug|Any CPU
		{523D1769-7536-44A9-859A-A396681D378D}.Debug|iPhoneSimulator.Build.0 = Debug|Any CPU
		{523D1769-7536-44A9-859A-A396681D378D}.Debug|x64.ActiveCfg = Debug|Any CPU
		{523D1769-7536-44A9-859A-A396681D378D}.Debug|x64.Build.0 = Debug|Any CPU
		{523D1769-7536-44A9-859A-A396681D378D}.Debug|x86.ActiveCfg = Debug|Any CPU
		{523D1769-7536-44A9-859A-A396681D378D}.Debug|x86.Build.0 = Debug|Any CPU
		{523D1769-7536-44A9-859A-A396681D378D}.Release|Any CPU.ActiveCfg = Release|Any CPU
		{523D1769-7536-44A9-859A-A396681D378D}.Release|Any CPU.Build.0 = Release|Any CPU
		{523D1769-7536-44A9-859A-A396681D378D}.Release|ARM.ActiveCfg = Release|Any CPU
		{523D1769-7536-44A9-859A-A396681D378D}.Release|ARM.Build.0 = Release|Any CPU
		{523D1769-7536-44A9-859A-A396681D378D}.Release|ARM64.ActiveCfg = Release|Any CPU
		{523D1769-7536-44A9-859A-A396681D378D}.Release|ARM64.Build.0 = Release|Any CPU
		{523D1769-7536-44A9-859A-A396681D378D}.Release|iPhone.ActiveCfg = Release|Any CPU
		{523D1769-7536-44A9-859A-A396681D378D}.Release|iPhone.Build.0 = Release|Any CPU
		{523D1769-7536-44A9-859A-A396681D378D}.Release|iPhoneSimulator.ActiveCfg = Release|Any CPU
		{523D1769-7536-44A9-859A-A396681D378D}.Release|iPhoneSimulator.Build.0 = Release|Any CPU
		{523D1769-7536-44A9-859A-A396681D378D}.Release|x64.ActiveCfg = Release|Any CPU
		{523D1769-7536-44A9-859A-A396681D378D}.Release|x64.Build.0 = Release|Any CPU
		{523D1769-7536-44A9-859A-A396681D378D}.Release|x86.ActiveCfg = Release|Any CPU
		{523D1769-7536-44A9-859A-A396681D378D}.Release|x86.Build.0 = Release|Any CPU
		{365C0B7B-139E-4F8B-B45D-4A8E57A86900}.Debug|Any CPU.ActiveCfg = Debug|Any CPU
		{365C0B7B-139E-4F8B-B45D-4A8E57A86900}.Debug|Any CPU.Build.0 = Debug|Any CPU
		{365C0B7B-139E-4F8B-B45D-4A8E57A86900}.Debug|ARM.ActiveCfg = Debug|Any CPU
		{365C0B7B-139E-4F8B-B45D-4A8E57A86900}.Debug|ARM.Build.0 = Debug|Any CPU
		{365C0B7B-139E-4F8B-B45D-4A8E57A86900}.Debug|ARM64.ActiveCfg = Debug|Any CPU
		{365C0B7B-139E-4F8B-B45D-4A8E57A86900}.Debug|ARM64.Build.0 = Debug|Any CPU
		{365C0B7B-139E-4F8B-B45D-4A8E57A86900}.Debug|iPhone.ActiveCfg = Debug|Any CPU
		{365C0B7B-139E-4F8B-B45D-4A8E57A86900}.Debug|iPhone.Build.0 = Debug|Any CPU
		{365C0B7B-139E-4F8B-B45D-4A8E57A86900}.Debug|iPhoneSimulator.ActiveCfg = Debug|Any CPU
		{365C0B7B-139E-4F8B-B45D-4A8E57A86900}.Debug|iPhoneSimulator.Build.0 = Debug|Any CPU
		{365C0B7B-139E-4F8B-B45D-4A8E57A86900}.Debug|x64.ActiveCfg = Debug|Any CPU
		{365C0B7B-139E-4F8B-B45D-4A8E57A86900}.Debug|x64.Build.0 = Debug|Any CPU
		{365C0B7B-139E-4F8B-B45D-4A8E57A86900}.Debug|x86.ActiveCfg = Debug|Any CPU
		{365C0B7B-139E-4F8B-B45D-4A8E57A86900}.Debug|x86.Build.0 = Debug|Any CPU
		{365C0B7B-139E-4F8B-B45D-4A8E57A86900}.Release|Any CPU.ActiveCfg = Release|Any CPU
		{365C0B7B-139E-4F8B-B45D-4A8E57A86900}.Release|Any CPU.Build.0 = Release|Any CPU
		{365C0B7B-139E-4F8B-B45D-4A8E57A86900}.Release|ARM.ActiveCfg = Release|Any CPU
		{365C0B7B-139E-4F8B-B45D-4A8E57A86900}.Release|ARM.Build.0 = Release|Any CPU
		{365C0B7B-139E-4F8B-B45D-4A8E57A86900}.Release|ARM64.ActiveCfg = Release|Any CPU
		{365C0B7B-139E-4F8B-B45D-4A8E57A86900}.Release|ARM64.Build.0 = Release|Any CPU
		{365C0B7B-139E-4F8B-B45D-4A8E57A86900}.Release|iPhone.ActiveCfg = Release|Any CPU
		{365C0B7B-139E-4F8B-B45D-4A8E57A86900}.Release|iPhone.Build.0 = Release|Any CPU
		{365C0B7B-139E-4F8B-B45D-4A8E57A86900}.Release|iPhoneSimulator.ActiveCfg = Release|Any CPU
		{365C0B7B-139E-4F8B-B45D-4A8E57A86900}.Release|iPhoneSimulator.Build.0 = Release|Any CPU
		{365C0B7B-139E-4F8B-B45D-4A8E57A86900}.Release|x64.ActiveCfg = Release|Any CPU
		{365C0B7B-139E-4F8B-B45D-4A8E57A86900}.Release|x64.Build.0 = Release|Any CPU
		{365C0B7B-139E-4F8B-B45D-4A8E57A86900}.Release|x86.ActiveCfg = Release|Any CPU
		{365C0B7B-139E-4F8B-B45D-4A8E57A86900}.Release|x86.Build.0 = Release|Any CPU
		{3AD18E24-CD0A-4D41-8433-4293A06D78FF}.Debug|Any CPU.ActiveCfg = Debug|Any CPU
		{3AD18E24-CD0A-4D41-8433-4293A06D78FF}.Debug|Any CPU.Build.0 = Debug|Any CPU
		{3AD18E24-CD0A-4D41-8433-4293A06D78FF}.Debug|Any CPU.Deploy.0 = Debug|Any CPU
		{3AD18E24-CD0A-4D41-8433-4293A06D78FF}.Debug|ARM.ActiveCfg = Debug|Any CPU
		{3AD18E24-CD0A-4D41-8433-4293A06D78FF}.Debug|ARM.Build.0 = Debug|Any CPU
		{3AD18E24-CD0A-4D41-8433-4293A06D78FF}.Debug|ARM.Deploy.0 = Debug|Any CPU
		{3AD18E24-CD0A-4D41-8433-4293A06D78FF}.Debug|ARM64.ActiveCfg = Debug|Any CPU
		{3AD18E24-CD0A-4D41-8433-4293A06D78FF}.Debug|ARM64.Build.0 = Debug|Any CPU
		{3AD18E24-CD0A-4D41-8433-4293A06D78FF}.Debug|ARM64.Deploy.0 = Debug|Any CPU
		{3AD18E24-CD0A-4D41-8433-4293A06D78FF}.Debug|iPhone.ActiveCfg = Debug|Any CPU
		{3AD18E24-CD0A-4D41-8433-4293A06D78FF}.Debug|iPhone.Build.0 = Debug|Any CPU
		{3AD18E24-CD0A-4D41-8433-4293A06D78FF}.Debug|iPhone.Deploy.0 = Debug|Any CPU
		{3AD18E24-CD0A-4D41-8433-4293A06D78FF}.Debug|iPhoneSimulator.ActiveCfg = Debug|Any CPU
		{3AD18E24-CD0A-4D41-8433-4293A06D78FF}.Debug|iPhoneSimulator.Build.0 = Debug|Any CPU
		{3AD18E24-CD0A-4D41-8433-4293A06D78FF}.Debug|iPhoneSimulator.Deploy.0 = Debug|Any CPU
		{3AD18E24-CD0A-4D41-8433-4293A06D78FF}.Debug|x64.ActiveCfg = Debug|Any CPU
		{3AD18E24-CD0A-4D41-8433-4293A06D78FF}.Debug|x64.Build.0 = Debug|Any CPU
		{3AD18E24-CD0A-4D41-8433-4293A06D78FF}.Debug|x64.Deploy.0 = Debug|Any CPU
		{3AD18E24-CD0A-4D41-8433-4293A06D78FF}.Debug|x86.ActiveCfg = Debug|Any CPU
		{3AD18E24-CD0A-4D41-8433-4293A06D78FF}.Debug|x86.Build.0 = Debug|Any CPU
		{3AD18E24-CD0A-4D41-8433-4293A06D78FF}.Debug|x86.Deploy.0 = Debug|Any CPU
		{3AD18E24-CD0A-4D41-8433-4293A06D78FF}.Release|Any CPU.ActiveCfg = Release|Any CPU
		{3AD18E24-CD0A-4D41-8433-4293A06D78FF}.Release|Any CPU.Build.0 = Release|Any CPU
		{3AD18E24-CD0A-4D41-8433-4293A06D78FF}.Release|Any CPU.Deploy.0 = Release|Any CPU
		{3AD18E24-CD0A-4D41-8433-4293A06D78FF}.Release|ARM.ActiveCfg = Release|Any CPU
		{3AD18E24-CD0A-4D41-8433-4293A06D78FF}.Release|ARM.Build.0 = Release|Any CPU
		{3AD18E24-CD0A-4D41-8433-4293A06D78FF}.Release|ARM.Deploy.0 = Release|Any CPU
		{3AD18E24-CD0A-4D41-8433-4293A06D78FF}.Release|ARM64.ActiveCfg = Release|Any CPU
		{3AD18E24-CD0A-4D41-8433-4293A06D78FF}.Release|ARM64.Build.0 = Release|Any CPU
		{3AD18E24-CD0A-4D41-8433-4293A06D78FF}.Release|ARM64.Deploy.0 = Release|Any CPU
		{3AD18E24-CD0A-4D41-8433-4293A06D78FF}.Release|iPhone.ActiveCfg = Release|Any CPU
		{3AD18E24-CD0A-4D41-8433-4293A06D78FF}.Release|iPhone.Build.0 = Release|Any CPU
		{3AD18E24-CD0A-4D41-8433-4293A06D78FF}.Release|iPhone.Deploy.0 = Release|Any CPU
		{3AD18E24-CD0A-4D41-8433-4293A06D78FF}.Release|iPhoneSimulator.ActiveCfg = Release|Any CPU
		{3AD18E24-CD0A-4D41-8433-4293A06D78FF}.Release|iPhoneSimulator.Build.0 = Release|Any CPU
		{3AD18E24-CD0A-4D41-8433-4293A06D78FF}.Release|iPhoneSimulator.Deploy.0 = Release|Any CPU
		{3AD18E24-CD0A-4D41-8433-4293A06D78FF}.Release|x64.ActiveCfg = Release|Any CPU
		{3AD18E24-CD0A-4D41-8433-4293A06D78FF}.Release|x64.Build.0 = Release|Any CPU
		{3AD18E24-CD0A-4D41-8433-4293A06D78FF}.Release|x64.Deploy.0 = Release|Any CPU
		{3AD18E24-CD0A-4D41-8433-4293A06D78FF}.Release|x86.ActiveCfg = Release|Any CPU
		{3AD18E24-CD0A-4D41-8433-4293A06D78FF}.Release|x86.Build.0 = Release|Any CPU
		{3AD18E24-CD0A-4D41-8433-4293A06D78FF}.Release|x86.Deploy.0 = Release|Any CPU
		{81219CA5-0DBC-4CDC-AE4A-655502305159}.Debug|Any CPU.ActiveCfg = Debug|Any CPU
		{81219CA5-0DBC-4CDC-AE4A-655502305159}.Debug|Any CPU.Build.0 = Debug|Any CPU
		{81219CA5-0DBC-4CDC-AE4A-655502305159}.Debug|ARM.ActiveCfg = Debug|Any CPU
		{81219CA5-0DBC-4CDC-AE4A-655502305159}.Debug|ARM.Build.0 = Debug|Any CPU
		{81219CA5-0DBC-4CDC-AE4A-655502305159}.Debug|ARM64.ActiveCfg = Debug|Any CPU
		{81219CA5-0DBC-4CDC-AE4A-655502305159}.Debug|ARM64.Build.0 = Debug|Any CPU
		{81219CA5-0DBC-4CDC-AE4A-655502305159}.Debug|iPhone.ActiveCfg = Debug|Any CPU
		{81219CA5-0DBC-4CDC-AE4A-655502305159}.Debug|iPhone.Build.0 = Debug|Any CPU
		{81219CA5-0DBC-4CDC-AE4A-655502305159}.Debug|iPhoneSimulator.ActiveCfg = Debug|Any CPU
		{81219CA5-0DBC-4CDC-AE4A-655502305159}.Debug|iPhoneSimulator.Build.0 = Debug|Any CPU
		{81219CA5-0DBC-4CDC-AE4A-655502305159}.Debug|x64.ActiveCfg = Debug|Any CPU
		{81219CA5-0DBC-4CDC-AE4A-655502305159}.Debug|x64.Build.0 = Debug|Any CPU
		{81219CA5-0DBC-4CDC-AE4A-655502305159}.Debug|x86.ActiveCfg = Debug|Any CPU
		{81219CA5-0DBC-4CDC-AE4A-655502305159}.Debug|x86.Build.0 = Debug|Any CPU
		{81219CA5-0DBC-4CDC-AE4A-655502305159}.Release|Any CPU.ActiveCfg = Release|Any CPU
		{81219CA5-0DBC-4CDC-AE4A-655502305159}.Release|Any CPU.Build.0 = Release|Any CPU
		{81219CA5-0DBC-4CDC-AE4A-655502305159}.Release|ARM.ActiveCfg = Release|Any CPU
		{81219CA5-0DBC-4CDC-AE4A-655502305159}.Release|ARM.Build.0 = Release|Any CPU
		{81219CA5-0DBC-4CDC-AE4A-655502305159}.Release|ARM64.ActiveCfg = Release|Any CPU
		{81219CA5-0DBC-4CDC-AE4A-655502305159}.Release|ARM64.Build.0 = Release|Any CPU
		{81219CA5-0DBC-4CDC-AE4A-655502305159}.Release|iPhone.ActiveCfg = Release|Any CPU
		{81219CA5-0DBC-4CDC-AE4A-655502305159}.Release|iPhone.Build.0 = Release|Any CPU
		{81219CA5-0DBC-4CDC-AE4A-655502305159}.Release|iPhoneSimulator.ActiveCfg = Release|Any CPU
		{81219CA5-0DBC-4CDC-AE4A-655502305159}.Release|iPhoneSimulator.Build.0 = Release|Any CPU
		{81219CA5-0DBC-4CDC-AE4A-655502305159}.Release|x64.ActiveCfg = Release|Any CPU
		{81219CA5-0DBC-4CDC-AE4A-655502305159}.Release|x64.Build.0 = Release|Any CPU
		{81219CA5-0DBC-4CDC-AE4A-655502305159}.Release|x86.ActiveCfg = Release|Any CPU
		{81219CA5-0DBC-4CDC-AE4A-655502305159}.Release|x86.Build.0 = Release|Any CPU
		{A9B7C956-8139-4D78-85BD-AE0391848933}.Debug|Any CPU.ActiveCfg = Debug|Any CPU
		{A9B7C956-8139-4D78-85BD-AE0391848933}.Debug|Any CPU.Build.0 = Debug|Any CPU
		{A9B7C956-8139-4D78-85BD-AE0391848933}.Debug|ARM.ActiveCfg = Debug|Any CPU
		{A9B7C956-8139-4D78-85BD-AE0391848933}.Debug|ARM.Build.0 = Debug|Any CPU
		{A9B7C956-8139-4D78-85BD-AE0391848933}.Debug|ARM64.ActiveCfg = Debug|Any CPU
		{A9B7C956-8139-4D78-85BD-AE0391848933}.Debug|ARM64.Build.0 = Debug|Any CPU
		{A9B7C956-8139-4D78-85BD-AE0391848933}.Debug|iPhone.ActiveCfg = Debug|Any CPU
		{A9B7C956-8139-4D78-85BD-AE0391848933}.Debug|iPhone.Build.0 = Debug|Any CPU
		{A9B7C956-8139-4D78-85BD-AE0391848933}.Debug|iPhoneSimulator.ActiveCfg = Debug|Any CPU
		{A9B7C956-8139-4D78-85BD-AE0391848933}.Debug|iPhoneSimulator.Build.0 = Debug|Any CPU
		{A9B7C956-8139-4D78-85BD-AE0391848933}.Debug|x64.ActiveCfg = Debug|Any CPU
		{A9B7C956-8139-4D78-85BD-AE0391848933}.Debug|x64.Build.0 = Debug|Any CPU
		{A9B7C956-8139-4D78-85BD-AE0391848933}.Debug|x86.ActiveCfg = Debug|Any CPU
		{A9B7C956-8139-4D78-85BD-AE0391848933}.Debug|x86.Build.0 = Debug|Any CPU
		{A9B7C956-8139-4D78-85BD-AE0391848933}.Release|Any CPU.ActiveCfg = Release|Any CPU
		{A9B7C956-8139-4D78-85BD-AE0391848933}.Release|Any CPU.Build.0 = Release|Any CPU
		{A9B7C956-8139-4D78-85BD-AE0391848933}.Release|ARM.ActiveCfg = Release|Any CPU
		{A9B7C956-8139-4D78-85BD-AE0391848933}.Release|ARM.Build.0 = Release|Any CPU
		{A9B7C956-8139-4D78-85BD-AE0391848933}.Release|ARM64.ActiveCfg = Release|Any CPU
		{A9B7C956-8139-4D78-85BD-AE0391848933}.Release|ARM64.Build.0 = Release|Any CPU
		{A9B7C956-8139-4D78-85BD-AE0391848933}.Release|iPhone.ActiveCfg = Release|Any CPU
		{A9B7C956-8139-4D78-85BD-AE0391848933}.Release|iPhone.Build.0 = Release|Any CPU
		{A9B7C956-8139-4D78-85BD-AE0391848933}.Release|iPhoneSimulator.ActiveCfg = Release|Any CPU
		{A9B7C956-8139-4D78-85BD-AE0391848933}.Release|iPhoneSimulator.Build.0 = Release|Any CPU
		{A9B7C956-8139-4D78-85BD-AE0391848933}.Release|x64.ActiveCfg = Release|Any CPU
		{A9B7C956-8139-4D78-85BD-AE0391848933}.Release|x64.Build.0 = Release|Any CPU
		{A9B7C956-8139-4D78-85BD-AE0391848933}.Release|x86.ActiveCfg = Release|Any CPU
		{A9B7C956-8139-4D78-85BD-AE0391848933}.Release|x86.Build.0 = Release|Any CPU
		{DDAD2901-3EB6-4A99-BFCA-0742C7E17DD0}.Debug|Any CPU.ActiveCfg = Debug|Any CPU
		{DDAD2901-3EB6-4A99-BFCA-0742C7E17DD0}.Debug|Any CPU.Build.0 = Debug|Any CPU
		{DDAD2901-3EB6-4A99-BFCA-0742C7E17DD0}.Debug|ARM.ActiveCfg = Debug|Any CPU
		{DDAD2901-3EB6-4A99-BFCA-0742C7E17DD0}.Debug|ARM.Build.0 = Debug|Any CPU
		{DDAD2901-3EB6-4A99-BFCA-0742C7E17DD0}.Debug|ARM64.ActiveCfg = Debug|Any CPU
		{DDAD2901-3EB6-4A99-BFCA-0742C7E17DD0}.Debug|ARM64.Build.0 = Debug|Any CPU
		{DDAD2901-3EB6-4A99-BFCA-0742C7E17DD0}.Debug|iPhone.ActiveCfg = Debug|Any CPU
		{DDAD2901-3EB6-4A99-BFCA-0742C7E17DD0}.Debug|iPhone.Build.0 = Debug|Any CPU
		{DDAD2901-3EB6-4A99-BFCA-0742C7E17DD0}.Debug|iPhoneSimulator.ActiveCfg = Debug|Any CPU
		{DDAD2901-3EB6-4A99-BFCA-0742C7E17DD0}.Debug|iPhoneSimulator.Build.0 = Debug|Any CPU
		{DDAD2901-3EB6-4A99-BFCA-0742C7E17DD0}.Debug|x64.ActiveCfg = Debug|Any CPU
		{DDAD2901-3EB6-4A99-BFCA-0742C7E17DD0}.Debug|x64.Build.0 = Debug|Any CPU
		{DDAD2901-3EB6-4A99-BFCA-0742C7E17DD0}.Debug|x86.ActiveCfg = Debug|Any CPU
		{DDAD2901-3EB6-4A99-BFCA-0742C7E17DD0}.Debug|x86.Build.0 = Debug|Any CPU
		{DDAD2901-3EB6-4A99-BFCA-0742C7E17DD0}.Release|Any CPU.ActiveCfg = Release|Any CPU
		{DDAD2901-3EB6-4A99-BFCA-0742C7E17DD0}.Release|Any CPU.Build.0 = Release|Any CPU
		{DDAD2901-3EB6-4A99-BFCA-0742C7E17DD0}.Release|ARM.ActiveCfg = Release|Any CPU
		{DDAD2901-3EB6-4A99-BFCA-0742C7E17DD0}.Release|ARM.Build.0 = Release|Any CPU
		{DDAD2901-3EB6-4A99-BFCA-0742C7E17DD0}.Release|ARM64.ActiveCfg = Release|Any CPU
		{DDAD2901-3EB6-4A99-BFCA-0742C7E17DD0}.Release|ARM64.Build.0 = Release|Any CPU
		{DDAD2901-3EB6-4A99-BFCA-0742C7E17DD0}.Release|iPhone.ActiveCfg = Release|Any CPU
		{DDAD2901-3EB6-4A99-BFCA-0742C7E17DD0}.Release|iPhone.Build.0 = Release|Any CPU
		{DDAD2901-3EB6-4A99-BFCA-0742C7E17DD0}.Release|iPhoneSimulator.ActiveCfg = Release|Any CPU
		{DDAD2901-3EB6-4A99-BFCA-0742C7E17DD0}.Release|iPhoneSimulator.Build.0 = Release|Any CPU
		{DDAD2901-3EB6-4A99-BFCA-0742C7E17DD0}.Release|x64.ActiveCfg = Release|Any CPU
		{DDAD2901-3EB6-4A99-BFCA-0742C7E17DD0}.Release|x64.Build.0 = Release|Any CPU
		{DDAD2901-3EB6-4A99-BFCA-0742C7E17DD0}.Release|x86.ActiveCfg = Release|Any CPU
		{DDAD2901-3EB6-4A99-BFCA-0742C7E17DD0}.Release|x86.Build.0 = Release|Any CPU
		{EA0E5661-775D-439F-A08F-CA4B9050E3E4}.Debug|Any CPU.ActiveCfg = Debug|Any CPU
		{EA0E5661-775D-439F-A08F-CA4B9050E3E4}.Debug|Any CPU.Build.0 = Debug|Any CPU
		{EA0E5661-775D-439F-A08F-CA4B9050E3E4}.Debug|Any CPU.Deploy.0 = Debug|Any CPU
		{EA0E5661-775D-439F-A08F-CA4B9050E3E4}.Debug|ARM.ActiveCfg = Debug|Any CPU
		{EA0E5661-775D-439F-A08F-CA4B9050E3E4}.Debug|ARM.Build.0 = Debug|Any CPU
		{EA0E5661-775D-439F-A08F-CA4B9050E3E4}.Debug|ARM.Deploy.0 = Debug|Any CPU
		{EA0E5661-775D-439F-A08F-CA4B9050E3E4}.Debug|ARM64.ActiveCfg = Debug|Any CPU
		{EA0E5661-775D-439F-A08F-CA4B9050E3E4}.Debug|ARM64.Build.0 = Debug|Any CPU
		{EA0E5661-775D-439F-A08F-CA4B9050E3E4}.Debug|ARM64.Deploy.0 = Debug|Any CPU
		{EA0E5661-775D-439F-A08F-CA4B9050E3E4}.Debug|iPhone.ActiveCfg = Debug|Any CPU
		{EA0E5661-775D-439F-A08F-CA4B9050E3E4}.Debug|iPhone.Build.0 = Debug|Any CPU
		{EA0E5661-775D-439F-A08F-CA4B9050E3E4}.Debug|iPhone.Deploy.0 = Debug|Any CPU
		{EA0E5661-775D-439F-A08F-CA4B9050E3E4}.Debug|iPhoneSimulator.ActiveCfg = Debug|Any CPU
		{EA0E5661-775D-439F-A08F-CA4B9050E3E4}.Debug|iPhoneSimulator.Build.0 = Debug|Any CPU
		{EA0E5661-775D-439F-A08F-CA4B9050E3E4}.Debug|iPhoneSimulator.Deploy.0 = Debug|Any CPU
		{EA0E5661-775D-439F-A08F-CA4B9050E3E4}.Debug|x64.ActiveCfg = Debug|Any CPU
		{EA0E5661-775D-439F-A08F-CA4B9050E3E4}.Debug|x64.Build.0 = Debug|Any CPU
		{EA0E5661-775D-439F-A08F-CA4B9050E3E4}.Debug|x64.Deploy.0 = Debug|Any CPU
		{EA0E5661-775D-439F-A08F-CA4B9050E3E4}.Debug|x86.ActiveCfg = Debug|Any CPU
		{EA0E5661-775D-439F-A08F-CA4B9050E3E4}.Debug|x86.Build.0 = Debug|Any CPU
		{EA0E5661-775D-439F-A08F-CA4B9050E3E4}.Debug|x86.Deploy.0 = Debug|Any CPU
		{EA0E5661-775D-439F-A08F-CA4B9050E3E4}.Release|Any CPU.ActiveCfg = Release|Any CPU
		{EA0E5661-775D-439F-A08F-CA4B9050E3E4}.Release|Any CPU.Build.0 = Release|Any CPU
		{EA0E5661-775D-439F-A08F-CA4B9050E3E4}.Release|Any CPU.Deploy.0 = Release|Any CPU
		{EA0E5661-775D-439F-A08F-CA4B9050E3E4}.Release|ARM.ActiveCfg = Release|Any CPU
		{EA0E5661-775D-439F-A08F-CA4B9050E3E4}.Release|ARM.Build.0 = Release|Any CPU
		{EA0E5661-775D-439F-A08F-CA4B9050E3E4}.Release|ARM.Deploy.0 = Release|Any CPU
		{EA0E5661-775D-439F-A08F-CA4B9050E3E4}.Release|ARM64.ActiveCfg = Release|Any CPU
		{EA0E5661-775D-439F-A08F-CA4B9050E3E4}.Release|ARM64.Build.0 = Release|Any CPU
		{EA0E5661-775D-439F-A08F-CA4B9050E3E4}.Release|ARM64.Deploy.0 = Release|Any CPU
		{EA0E5661-775D-439F-A08F-CA4B9050E3E4}.Release|iPhone.ActiveCfg = Release|Any CPU
		{EA0E5661-775D-439F-A08F-CA4B9050E3E4}.Release|iPhone.Build.0 = Release|Any CPU
		{EA0E5661-775D-439F-A08F-CA4B9050E3E4}.Release|iPhone.Deploy.0 = Release|Any CPU
		{EA0E5661-775D-439F-A08F-CA4B9050E3E4}.Release|iPhoneSimulator.ActiveCfg = Release|Any CPU
		{EA0E5661-775D-439F-A08F-CA4B9050E3E4}.Release|iPhoneSimulator.Build.0 = Release|Any CPU
		{EA0E5661-775D-439F-A08F-CA4B9050E3E4}.Release|iPhoneSimulator.Deploy.0 = Release|Any CPU
		{EA0E5661-775D-439F-A08F-CA4B9050E3E4}.Release|x64.ActiveCfg = Release|Any CPU
		{EA0E5661-775D-439F-A08F-CA4B9050E3E4}.Release|x64.Build.0 = Release|Any CPU
		{EA0E5661-775D-439F-A08F-CA4B9050E3E4}.Release|x64.Deploy.0 = Release|Any CPU
		{EA0E5661-775D-439F-A08F-CA4B9050E3E4}.Release|x86.ActiveCfg = Release|Any CPU
		{EA0E5661-775D-439F-A08F-CA4B9050E3E4}.Release|x86.Build.0 = Release|Any CPU
		{EA0E5661-775D-439F-A08F-CA4B9050E3E4}.Release|x86.Deploy.0 = Release|Any CPU
		{A8F46E37-D1BD-4C5B-899B-192D6CC9289E}.Debug|Any CPU.ActiveCfg = Debug|iPhoneSimulator
		{A8F46E37-D1BD-4C5B-899B-192D6CC9289E}.Debug|ARM.ActiveCfg = Debug|iPhone
		{A8F46E37-D1BD-4C5B-899B-192D6CC9289E}.Debug|ARM64.ActiveCfg = Debug|iPhone
		{A8F46E37-D1BD-4C5B-899B-192D6CC9289E}.Debug|iPhone.ActiveCfg = Debug|iPhone
		{A8F46E37-D1BD-4C5B-899B-192D6CC9289E}.Debug|iPhone.Build.0 = Debug|iPhone
		{A8F46E37-D1BD-4C5B-899B-192D6CC9289E}.Debug|iPhoneSimulator.ActiveCfg = Debug|iPhoneSimulator
		{A8F46E37-D1BD-4C5B-899B-192D6CC9289E}.Debug|iPhoneSimulator.Build.0 = Debug|iPhoneSimulator
		{A8F46E37-D1BD-4C5B-899B-192D6CC9289E}.Debug|x64.ActiveCfg = Debug|iPhone
		{A8F46E37-D1BD-4C5B-899B-192D6CC9289E}.Debug|x86.ActiveCfg = Debug|iPhone
		{A8F46E37-D1BD-4C5B-899B-192D6CC9289E}.Release|Any CPU.ActiveCfg = Release|iPhoneSimulator
		{A8F46E37-D1BD-4C5B-899B-192D6CC9289E}.Release|ARM.ActiveCfg = Release|iPhone
		{A8F46E37-D1BD-4C5B-899B-192D6CC9289E}.Release|ARM64.ActiveCfg = Release|iPhone
		{A8F46E37-D1BD-4C5B-899B-192D6CC9289E}.Release|iPhone.ActiveCfg = Release|iPhone
		{A8F46E37-D1BD-4C5B-899B-192D6CC9289E}.Release|iPhone.Build.0 = Release|iPhone
		{A8F46E37-D1BD-4C5B-899B-192D6CC9289E}.Release|iPhoneSimulator.ActiveCfg = Release|iPhoneSimulator
		{A8F46E37-D1BD-4C5B-899B-192D6CC9289E}.Release|iPhoneSimulator.Build.0 = Release|iPhoneSimulator
		{A8F46E37-D1BD-4C5B-899B-192D6CC9289E}.Release|x64.ActiveCfg = Release|iPhone
		{A8F46E37-D1BD-4C5B-899B-192D6CC9289E}.Release|x86.ActiveCfg = Release|iPhone
		{E47F3607-B82F-4CD0-BDCB-CD27DAA45FDF}.Debug|Any CPU.ActiveCfg = Debug|Any CPU
		{E47F3607-B82F-4CD0-BDCB-CD27DAA45FDF}.Debug|Any CPU.Build.0 = Debug|Any CPU
		{E47F3607-B82F-4CD0-BDCB-CD27DAA45FDF}.Debug|ARM.ActiveCfg = Debug|Any CPU
		{E47F3607-B82F-4CD0-BDCB-CD27DAA45FDF}.Debug|ARM.Build.0 = Debug|Any CPU
		{E47F3607-B82F-4CD0-BDCB-CD27DAA45FDF}.Debug|ARM64.ActiveCfg = Debug|Any CPU
		{E47F3607-B82F-4CD0-BDCB-CD27DAA45FDF}.Debug|ARM64.Build.0 = Debug|Any CPU
		{E47F3607-B82F-4CD0-BDCB-CD27DAA45FDF}.Debug|iPhone.ActiveCfg = Debug|Any CPU
		{E47F3607-B82F-4CD0-BDCB-CD27DAA45FDF}.Debug|iPhone.Build.0 = Debug|Any CPU
		{E47F3607-B82F-4CD0-BDCB-CD27DAA45FDF}.Debug|iPhoneSimulator.ActiveCfg = Debug|Any CPU
		{E47F3607-B82F-4CD0-BDCB-CD27DAA45FDF}.Debug|iPhoneSimulator.Build.0 = Debug|Any CPU
		{E47F3607-B82F-4CD0-BDCB-CD27DAA45FDF}.Debug|x64.ActiveCfg = Debug|Any CPU
		{E47F3607-B82F-4CD0-BDCB-CD27DAA45FDF}.Debug|x64.Build.0 = Debug|Any CPU
		{E47F3607-B82F-4CD0-BDCB-CD27DAA45FDF}.Debug|x86.ActiveCfg = Debug|Any CPU
		{E47F3607-B82F-4CD0-BDCB-CD27DAA45FDF}.Debug|x86.Build.0 = Debug|Any CPU
		{E47F3607-B82F-4CD0-BDCB-CD27DAA45FDF}.Release|Any CPU.ActiveCfg = Release|Any CPU
		{E47F3607-B82F-4CD0-BDCB-CD27DAA45FDF}.Release|Any CPU.Build.0 = Release|Any CPU
		{E47F3607-B82F-4CD0-BDCB-CD27DAA45FDF}.Release|ARM.ActiveCfg = Release|Any CPU
		{E47F3607-B82F-4CD0-BDCB-CD27DAA45FDF}.Release|ARM.Build.0 = Release|Any CPU
		{E47F3607-B82F-4CD0-BDCB-CD27DAA45FDF}.Release|ARM64.ActiveCfg = Release|Any CPU
		{E47F3607-B82F-4CD0-BDCB-CD27DAA45FDF}.Release|ARM64.Build.0 = Release|Any CPU
		{E47F3607-B82F-4CD0-BDCB-CD27DAA45FDF}.Release|iPhone.ActiveCfg = Release|Any CPU
		{E47F3607-B82F-4CD0-BDCB-CD27DAA45FDF}.Release|iPhone.Build.0 = Release|Any CPU
		{E47F3607-B82F-4CD0-BDCB-CD27DAA45FDF}.Release|iPhoneSimulator.ActiveCfg = Release|Any CPU
		{E47F3607-B82F-4CD0-BDCB-CD27DAA45FDF}.Release|iPhoneSimulator.Build.0 = Release|Any CPU
		{E47F3607-B82F-4CD0-BDCB-CD27DAA45FDF}.Release|x64.ActiveCfg = Release|Any CPU
		{E47F3607-B82F-4CD0-BDCB-CD27DAA45FDF}.Release|x64.Build.0 = Release|Any CPU
		{E47F3607-B82F-4CD0-BDCB-CD27DAA45FDF}.Release|x86.ActiveCfg = Release|Any CPU
		{E47F3607-B82F-4CD0-BDCB-CD27DAA45FDF}.Release|x86.Build.0 = Release|Any CPU
		{7164F9D2-6AE0-42B6-BFDA-FA5E22E1635F}.Debug|Any CPU.ActiveCfg = Debug|Any CPU
		{7164F9D2-6AE0-42B6-BFDA-FA5E22E1635F}.Debug|Any CPU.Build.0 = Debug|Any CPU
		{7164F9D2-6AE0-42B6-BFDA-FA5E22E1635F}.Debug|ARM.ActiveCfg = Debug|Any CPU
		{7164F9D2-6AE0-42B6-BFDA-FA5E22E1635F}.Debug|ARM.Build.0 = Debug|Any CPU
		{7164F9D2-6AE0-42B6-BFDA-FA5E22E1635F}.Debug|ARM64.ActiveCfg = Debug|Any CPU
		{7164F9D2-6AE0-42B6-BFDA-FA5E22E1635F}.Debug|ARM64.Build.0 = Debug|Any CPU
		{7164F9D2-6AE0-42B6-BFDA-FA5E22E1635F}.Debug|iPhone.ActiveCfg = Debug|Any CPU
		{7164F9D2-6AE0-42B6-BFDA-FA5E22E1635F}.Debug|iPhone.Build.0 = Debug|Any CPU
		{7164F9D2-6AE0-42B6-BFDA-FA5E22E1635F}.Debug|iPhoneSimulator.ActiveCfg = Debug|Any CPU
		{7164F9D2-6AE0-42B6-BFDA-FA5E22E1635F}.Debug|iPhoneSimulator.Build.0 = Debug|Any CPU
		{7164F9D2-6AE0-42B6-BFDA-FA5E22E1635F}.Debug|x64.ActiveCfg = Debug|Any CPU
		{7164F9D2-6AE0-42B6-BFDA-FA5E22E1635F}.Debug|x64.Build.0 = Debug|Any CPU
		{7164F9D2-6AE0-42B6-BFDA-FA5E22E1635F}.Debug|x86.ActiveCfg = Debug|Any CPU
		{7164F9D2-6AE0-42B6-BFDA-FA5E22E1635F}.Debug|x86.Build.0 = Debug|Any CPU
		{7164F9D2-6AE0-42B6-BFDA-FA5E22E1635F}.Release|Any CPU.ActiveCfg = Release|Any CPU
		{7164F9D2-6AE0-42B6-BFDA-FA5E22E1635F}.Release|Any CPU.Build.0 = Release|Any CPU
		{7164F9D2-6AE0-42B6-BFDA-FA5E22E1635F}.Release|ARM.ActiveCfg = Release|Any CPU
		{7164F9D2-6AE0-42B6-BFDA-FA5E22E1635F}.Release|ARM.Build.0 = Release|Any CPU
		{7164F9D2-6AE0-42B6-BFDA-FA5E22E1635F}.Release|ARM64.ActiveCfg = Release|Any CPU
		{7164F9D2-6AE0-42B6-BFDA-FA5E22E1635F}.Release|ARM64.Build.0 = Release|Any CPU
		{7164F9D2-6AE0-42B6-BFDA-FA5E22E1635F}.Release|iPhone.ActiveCfg = Release|Any CPU
		{7164F9D2-6AE0-42B6-BFDA-FA5E22E1635F}.Release|iPhone.Build.0 = Release|Any CPU
		{7164F9D2-6AE0-42B6-BFDA-FA5E22E1635F}.Release|iPhoneSimulator.ActiveCfg = Release|Any CPU
		{7164F9D2-6AE0-42B6-BFDA-FA5E22E1635F}.Release|iPhoneSimulator.Build.0 = Release|Any CPU
		{7164F9D2-6AE0-42B6-BFDA-FA5E22E1635F}.Release|x64.ActiveCfg = Release|Any CPU
		{7164F9D2-6AE0-42B6-BFDA-FA5E22E1635F}.Release|x64.Build.0 = Release|Any CPU
		{7164F9D2-6AE0-42B6-BFDA-FA5E22E1635F}.Release|x86.ActiveCfg = Release|Any CPU
		{7164F9D2-6AE0-42B6-BFDA-FA5E22E1635F}.Release|x86.Build.0 = Release|Any CPU
		{BCA266CE-5D1B-4E35-84DA-389A41FDECE5}.Debug|Any CPU.ActiveCfg = Debug|Any CPU
		{BCA266CE-5D1B-4E35-84DA-389A41FDECE5}.Debug|Any CPU.Build.0 = Debug|Any CPU
		{BCA266CE-5D1B-4E35-84DA-389A41FDECE5}.Debug|ARM.ActiveCfg = Debug|Any CPU
		{BCA266CE-5D1B-4E35-84DA-389A41FDECE5}.Debug|ARM.Build.0 = Debug|Any CPU
		{BCA266CE-5D1B-4E35-84DA-389A41FDECE5}.Debug|ARM64.ActiveCfg = Debug|Any CPU
		{BCA266CE-5D1B-4E35-84DA-389A41FDECE5}.Debug|ARM64.Build.0 = Debug|Any CPU
		{BCA266CE-5D1B-4E35-84DA-389A41FDECE5}.Debug|iPhone.ActiveCfg = Debug|Any CPU
		{BCA266CE-5D1B-4E35-84DA-389A41FDECE5}.Debug|iPhone.Build.0 = Debug|Any CPU
		{BCA266CE-5D1B-4E35-84DA-389A41FDECE5}.Debug|iPhoneSimulator.ActiveCfg = Debug|Any CPU
		{BCA266CE-5D1B-4E35-84DA-389A41FDECE5}.Debug|iPhoneSimulator.Build.0 = Debug|Any CPU
		{BCA266CE-5D1B-4E35-84DA-389A41FDECE5}.Debug|x64.ActiveCfg = Debug|Any CPU
		{BCA266CE-5D1B-4E35-84DA-389A41FDECE5}.Debug|x64.Build.0 = Debug|Any CPU
		{BCA266CE-5D1B-4E35-84DA-389A41FDECE5}.Debug|x86.ActiveCfg = Debug|Any CPU
		{BCA266CE-5D1B-4E35-84DA-389A41FDECE5}.Debug|x86.Build.0 = Debug|Any CPU
		{BCA266CE-5D1B-4E35-84DA-389A41FDECE5}.Release|Any CPU.ActiveCfg = Release|Any CPU
		{BCA266CE-5D1B-4E35-84DA-389A41FDECE5}.Release|Any CPU.Build.0 = Release|Any CPU
		{BCA266CE-5D1B-4E35-84DA-389A41FDECE5}.Release|ARM.ActiveCfg = Release|Any CPU
		{BCA266CE-5D1B-4E35-84DA-389A41FDECE5}.Release|ARM.Build.0 = Release|Any CPU
		{BCA266CE-5D1B-4E35-84DA-389A41FDECE5}.Release|ARM64.ActiveCfg = Release|Any CPU
		{BCA266CE-5D1B-4E35-84DA-389A41FDECE5}.Release|ARM64.Build.0 = Release|Any CPU
		{BCA266CE-5D1B-4E35-84DA-389A41FDECE5}.Release|iPhone.ActiveCfg = Release|Any CPU
		{BCA266CE-5D1B-4E35-84DA-389A41FDECE5}.Release|iPhone.Build.0 = Release|Any CPU
		{BCA266CE-5D1B-4E35-84DA-389A41FDECE5}.Release|iPhoneSimulator.ActiveCfg = Release|Any CPU
		{BCA266CE-5D1B-4E35-84DA-389A41FDECE5}.Release|iPhoneSimulator.Build.0 = Release|Any CPU
		{BCA266CE-5D1B-4E35-84DA-389A41FDECE5}.Release|x64.ActiveCfg = Release|Any CPU
		{BCA266CE-5D1B-4E35-84DA-389A41FDECE5}.Release|x64.Build.0 = Release|Any CPU
		{BCA266CE-5D1B-4E35-84DA-389A41FDECE5}.Release|x86.ActiveCfg = Release|Any CPU
		{BCA266CE-5D1B-4E35-84DA-389A41FDECE5}.Release|x86.Build.0 = Release|Any CPU
		{BDB97E88-B2C0-44C5-982E-D9CF0EBCA451}.Debug|Any CPU.ActiveCfg = Debug|Any CPU
		{BDB97E88-B2C0-44C5-982E-D9CF0EBCA451}.Debug|Any CPU.Build.0 = Debug|Any CPU
		{BDB97E88-B2C0-44C5-982E-D9CF0EBCA451}.Debug|ARM.ActiveCfg = Debug|Any CPU
		{BDB97E88-B2C0-44C5-982E-D9CF0EBCA451}.Debug|ARM.Build.0 = Debug|Any CPU
		{BDB97E88-B2C0-44C5-982E-D9CF0EBCA451}.Debug|ARM64.ActiveCfg = Debug|Any CPU
		{BDB97E88-B2C0-44C5-982E-D9CF0EBCA451}.Debug|ARM64.Build.0 = Debug|Any CPU
		{BDB97E88-B2C0-44C5-982E-D9CF0EBCA451}.Debug|iPhone.ActiveCfg = Debug|Any CPU
		{BDB97E88-B2C0-44C5-982E-D9CF0EBCA451}.Debug|iPhone.Build.0 = Debug|Any CPU
		{BDB97E88-B2C0-44C5-982E-D9CF0EBCA451}.Debug|iPhoneSimulator.ActiveCfg = Debug|Any CPU
		{BDB97E88-B2C0-44C5-982E-D9CF0EBCA451}.Debug|iPhoneSimulator.Build.0 = Debug|Any CPU
		{BDB97E88-B2C0-44C5-982E-D9CF0EBCA451}.Debug|x64.ActiveCfg = Debug|Any CPU
		{BDB97E88-B2C0-44C5-982E-D9CF0EBCA451}.Debug|x64.Build.0 = Debug|Any CPU
		{BDB97E88-B2C0-44C5-982E-D9CF0EBCA451}.Debug|x86.ActiveCfg = Debug|Any CPU
		{BDB97E88-B2C0-44C5-982E-D9CF0EBCA451}.Debug|x86.Build.0 = Debug|Any CPU
		{BDB97E88-B2C0-44C5-982E-D9CF0EBCA451}.Release|Any CPU.ActiveCfg = Release|Any CPU
		{BDB97E88-B2C0-44C5-982E-D9CF0EBCA451}.Release|Any CPU.Build.0 = Release|Any CPU
		{BDB97E88-B2C0-44C5-982E-D9CF0EBCA451}.Release|ARM.ActiveCfg = Release|Any CPU
		{BDB97E88-B2C0-44C5-982E-D9CF0EBCA451}.Release|ARM.Build.0 = Release|Any CPU
		{BDB97E88-B2C0-44C5-982E-D9CF0EBCA451}.Release|ARM64.ActiveCfg = Release|Any CPU
		{BDB97E88-B2C0-44C5-982E-D9CF0EBCA451}.Release|ARM64.Build.0 = Release|Any CPU
		{BDB97E88-B2C0-44C5-982E-D9CF0EBCA451}.Release|iPhone.ActiveCfg = Release|Any CPU
		{BDB97E88-B2C0-44C5-982E-D9CF0EBCA451}.Release|iPhone.Build.0 = Release|Any CPU
		{BDB97E88-B2C0-44C5-982E-D9CF0EBCA451}.Release|iPhoneSimulator.ActiveCfg = Release|Any CPU
		{BDB97E88-B2C0-44C5-982E-D9CF0EBCA451}.Release|iPhoneSimulator.Build.0 = Release|Any CPU
		{BDB97E88-B2C0-44C5-982E-D9CF0EBCA451}.Release|x64.ActiveCfg = Release|Any CPU
		{BDB97E88-B2C0-44C5-982E-D9CF0EBCA451}.Release|x64.Build.0 = Release|Any CPU
		{BDB97E88-B2C0-44C5-982E-D9CF0EBCA451}.Release|x86.ActiveCfg = Release|Any CPU
		{BDB97E88-B2C0-44C5-982E-D9CF0EBCA451}.Release|x86.Build.0 = Release|Any CPU
		{FB2E696F-818D-4896-9C87-DD07921F8FA1}.Debug|Any CPU.ActiveCfg = Debug|Any CPU
		{FB2E696F-818D-4896-9C87-DD07921F8FA1}.Debug|Any CPU.Build.0 = Debug|Any CPU
		{FB2E696F-818D-4896-9C87-DD07921F8FA1}.Debug|ARM.ActiveCfg = Debug|Any CPU
		{FB2E696F-818D-4896-9C87-DD07921F8FA1}.Debug|ARM.Build.0 = Debug|Any CPU
		{FB2E696F-818D-4896-9C87-DD07921F8FA1}.Debug|ARM64.ActiveCfg = Debug|Any CPU
		{FB2E696F-818D-4896-9C87-DD07921F8FA1}.Debug|ARM64.Build.0 = Debug|Any CPU
		{FB2E696F-818D-4896-9C87-DD07921F8FA1}.Debug|iPhone.ActiveCfg = Debug|Any CPU
		{FB2E696F-818D-4896-9C87-DD07921F8FA1}.Debug|iPhone.Build.0 = Debug|Any CPU
		{FB2E696F-818D-4896-9C87-DD07921F8FA1}.Debug|iPhoneSimulator.ActiveCfg = Debug|Any CPU
		{FB2E696F-818D-4896-9C87-DD07921F8FA1}.Debug|iPhoneSimulator.Build.0 = Debug|Any CPU
		{FB2E696F-818D-4896-9C87-DD07921F8FA1}.Debug|x64.ActiveCfg = Debug|Any CPU
		{FB2E696F-818D-4896-9C87-DD07921F8FA1}.Debug|x64.Build.0 = Debug|Any CPU
		{FB2E696F-818D-4896-9C87-DD07921F8FA1}.Debug|x86.ActiveCfg = Debug|Any CPU
		{FB2E696F-818D-4896-9C87-DD07921F8FA1}.Debug|x86.Build.0 = Debug|Any CPU
		{FB2E696F-818D-4896-9C87-DD07921F8FA1}.Release|Any CPU.ActiveCfg = Release|Any CPU
		{FB2E696F-818D-4896-9C87-DD07921F8FA1}.Release|Any CPU.Build.0 = Release|Any CPU
		{FB2E696F-818D-4896-9C87-DD07921F8FA1}.Release|ARM.ActiveCfg = Release|Any CPU
		{FB2E696F-818D-4896-9C87-DD07921F8FA1}.Release|ARM.Build.0 = Release|Any CPU
		{FB2E696F-818D-4896-9C87-DD07921F8FA1}.Release|ARM64.ActiveCfg = Release|Any CPU
		{FB2E696F-818D-4896-9C87-DD07921F8FA1}.Release|ARM64.Build.0 = Release|Any CPU
		{FB2E696F-818D-4896-9C87-DD07921F8FA1}.Release|iPhone.ActiveCfg = Release|Any CPU
		{FB2E696F-818D-4896-9C87-DD07921F8FA1}.Release|iPhone.Build.0 = Release|Any CPU
		{FB2E696F-818D-4896-9C87-DD07921F8FA1}.Release|iPhoneSimulator.ActiveCfg = Release|Any CPU
		{FB2E696F-818D-4896-9C87-DD07921F8FA1}.Release|iPhoneSimulator.Build.0 = Release|Any CPU
		{FB2E696F-818D-4896-9C87-DD07921F8FA1}.Release|x64.ActiveCfg = Release|Any CPU
		{FB2E696F-818D-4896-9C87-DD07921F8FA1}.Release|x64.Build.0 = Release|Any CPU
		{FB2E696F-818D-4896-9C87-DD07921F8FA1}.Release|x86.ActiveCfg = Release|Any CPU
		{FB2E696F-818D-4896-9C87-DD07921F8FA1}.Release|x86.Build.0 = Release|Any CPU
		{4B4C4DB8-0233-4774-905A-23FDC75453C5}.Debug|Any CPU.ActiveCfg = Debug|Any CPU
		{4B4C4DB8-0233-4774-905A-23FDC75453C5}.Debug|Any CPU.Build.0 = Debug|Any CPU
		{4B4C4DB8-0233-4774-905A-23FDC75453C5}.Debug|ARM.ActiveCfg = Debug|Any CPU
		{4B4C4DB8-0233-4774-905A-23FDC75453C5}.Debug|ARM.Build.0 = Debug|Any CPU
		{4B4C4DB8-0233-4774-905A-23FDC75453C5}.Debug|ARM64.ActiveCfg = Debug|Any CPU
		{4B4C4DB8-0233-4774-905A-23FDC75453C5}.Debug|ARM64.Build.0 = Debug|Any CPU
		{4B4C4DB8-0233-4774-905A-23FDC75453C5}.Debug|iPhone.ActiveCfg = Debug|Any CPU
		{4B4C4DB8-0233-4774-905A-23FDC75453C5}.Debug|iPhone.Build.0 = Debug|Any CPU
		{4B4C4DB8-0233-4774-905A-23FDC75453C5}.Debug|iPhoneSimulator.ActiveCfg = Debug|Any CPU
		{4B4C4DB8-0233-4774-905A-23FDC75453C5}.Debug|iPhoneSimulator.Build.0 = Debug|Any CPU
		{4B4C4DB8-0233-4774-905A-23FDC75453C5}.Debug|x64.ActiveCfg = Debug|Any CPU
		{4B4C4DB8-0233-4774-905A-23FDC75453C5}.Debug|x64.Build.0 = Debug|Any CPU
		{4B4C4DB8-0233-4774-905A-23FDC75453C5}.Debug|x86.ActiveCfg = Debug|Any CPU
		{4B4C4DB8-0233-4774-905A-23FDC75453C5}.Debug|x86.Build.0 = Debug|Any CPU
		{4B4C4DB8-0233-4774-905A-23FDC75453C5}.Release|Any CPU.ActiveCfg = Release|Any CPU
		{4B4C4DB8-0233-4774-905A-23FDC75453C5}.Release|Any CPU.Build.0 = Release|Any CPU
		{4B4C4DB8-0233-4774-905A-23FDC75453C5}.Release|ARM.ActiveCfg = Release|Any CPU
		{4B4C4DB8-0233-4774-905A-23FDC75453C5}.Release|ARM.Build.0 = Release|Any CPU
		{4B4C4DB8-0233-4774-905A-23FDC75453C5}.Release|ARM64.ActiveCfg = Release|Any CPU
		{4B4C4DB8-0233-4774-905A-23FDC75453C5}.Release|ARM64.Build.0 = Release|Any CPU
		{4B4C4DB8-0233-4774-905A-23FDC75453C5}.Release|iPhone.ActiveCfg = Release|Any CPU
		{4B4C4DB8-0233-4774-905A-23FDC75453C5}.Release|iPhone.Build.0 = Release|Any CPU
		{4B4C4DB8-0233-4774-905A-23FDC75453C5}.Release|iPhoneSimulator.ActiveCfg = Release|Any CPU
		{4B4C4DB8-0233-4774-905A-23FDC75453C5}.Release|iPhoneSimulator.Build.0 = Release|Any CPU
		{4B4C4DB8-0233-4774-905A-23FDC75453C5}.Release|x64.ActiveCfg = Release|Any CPU
		{4B4C4DB8-0233-4774-905A-23FDC75453C5}.Release|x64.Build.0 = Release|Any CPU
		{4B4C4DB8-0233-4774-905A-23FDC75453C5}.Release|x86.ActiveCfg = Release|Any CPU
		{4B4C4DB8-0233-4774-905A-23FDC75453C5}.Release|x86.Build.0 = Release|Any CPU
		{A75BA1DB-8021-47D0-A00E-1D8110055BBE}.Debug|Any CPU.ActiveCfg = Debug|x86
		{A75BA1DB-8021-47D0-A00E-1D8110055BBE}.Debug|ARM.ActiveCfg = Debug|ARM
		{A75BA1DB-8021-47D0-A00E-1D8110055BBE}.Debug|ARM.Build.0 = Debug|ARM
		{A75BA1DB-8021-47D0-A00E-1D8110055BBE}.Debug|ARM.Deploy.0 = Debug|ARM
		{A75BA1DB-8021-47D0-A00E-1D8110055BBE}.Debug|ARM64.ActiveCfg = Debug|ARM64
		{A75BA1DB-8021-47D0-A00E-1D8110055BBE}.Debug|ARM64.Build.0 = Debug|ARM64
		{A75BA1DB-8021-47D0-A00E-1D8110055BBE}.Debug|ARM64.Deploy.0 = Debug|ARM64
		{A75BA1DB-8021-47D0-A00E-1D8110055BBE}.Debug|iPhone.ActiveCfg = Debug|x86
		{A75BA1DB-8021-47D0-A00E-1D8110055BBE}.Debug|iPhoneSimulator.ActiveCfg = Debug|x86
		{A75BA1DB-8021-47D0-A00E-1D8110055BBE}.Debug|x64.ActiveCfg = Debug|x64
		{A75BA1DB-8021-47D0-A00E-1D8110055BBE}.Debug|x64.Build.0 = Debug|x64
		{A75BA1DB-8021-47D0-A00E-1D8110055BBE}.Debug|x64.Deploy.0 = Debug|x64
		{A75BA1DB-8021-47D0-A00E-1D8110055BBE}.Debug|x86.ActiveCfg = Debug|x86
		{A75BA1DB-8021-47D0-A00E-1D8110055BBE}.Debug|x86.Build.0 = Debug|x86
		{A75BA1DB-8021-47D0-A00E-1D8110055BBE}.Debug|x86.Deploy.0 = Debug|x86
		{A75BA1DB-8021-47D0-A00E-1D8110055BBE}.Release|Any CPU.ActiveCfg = Release|x86
		{A75BA1DB-8021-47D0-A00E-1D8110055BBE}.Release|ARM.ActiveCfg = Release|ARM
		{A75BA1DB-8021-47D0-A00E-1D8110055BBE}.Release|ARM.Build.0 = Release|ARM
		{A75BA1DB-8021-47D0-A00E-1D8110055BBE}.Release|ARM.Deploy.0 = Release|ARM
		{A75BA1DB-8021-47D0-A00E-1D8110055BBE}.Release|ARM64.ActiveCfg = Release|ARM64
		{A75BA1DB-8021-47D0-A00E-1D8110055BBE}.Release|ARM64.Build.0 = Release|ARM64
		{A75BA1DB-8021-47D0-A00E-1D8110055BBE}.Release|ARM64.Deploy.0 = Release|ARM64
		{A75BA1DB-8021-47D0-A00E-1D8110055BBE}.Release|iPhone.ActiveCfg = Release|x86
		{A75BA1DB-8021-47D0-A00E-1D8110055BBE}.Release|iPhoneSimulator.ActiveCfg = Release|x86
		{A75BA1DB-8021-47D0-A00E-1D8110055BBE}.Release|x64.ActiveCfg = Release|x64
		{A75BA1DB-8021-47D0-A00E-1D8110055BBE}.Release|x64.Build.0 = Release|x64
		{A75BA1DB-8021-47D0-A00E-1D8110055BBE}.Release|x64.Deploy.0 = Release|x64
		{A75BA1DB-8021-47D0-A00E-1D8110055BBE}.Release|x86.ActiveCfg = Release|x86
		{A75BA1DB-8021-47D0-A00E-1D8110055BBE}.Release|x86.Build.0 = Release|x86
		{A75BA1DB-8021-47D0-A00E-1D8110055BBE}.Release|x86.Deploy.0 = Release|x86
		{466E5EB0-FCC3-47DE-9CA6-7A00A32C129D}.Debug|Any CPU.ActiveCfg = Debug|Any CPU
		{466E5EB0-FCC3-47DE-9CA6-7A00A32C129D}.Debug|Any CPU.Build.0 = Debug|Any CPU
		{466E5EB0-FCC3-47DE-9CA6-7A00A32C129D}.Debug|ARM.ActiveCfg = Debug|ARM
		{466E5EB0-FCC3-47DE-9CA6-7A00A32C129D}.Debug|ARM.Build.0 = Debug|ARM
		{466E5EB0-FCC3-47DE-9CA6-7A00A32C129D}.Debug|ARM64.ActiveCfg = Debug|ARM64
		{466E5EB0-FCC3-47DE-9CA6-7A00A32C129D}.Debug|ARM64.Build.0 = Debug|ARM64
		{466E5EB0-FCC3-47DE-9CA6-7A00A32C129D}.Debug|iPhone.ActiveCfg = Debug|Any CPU
		{466E5EB0-FCC3-47DE-9CA6-7A00A32C129D}.Debug|iPhone.Build.0 = Debug|Any CPU
		{466E5EB0-FCC3-47DE-9CA6-7A00A32C129D}.Debug|iPhoneSimulator.ActiveCfg = Debug|Any CPU
		{466E5EB0-FCC3-47DE-9CA6-7A00A32C129D}.Debug|iPhoneSimulator.Build.0 = Debug|Any CPU
		{466E5EB0-FCC3-47DE-9CA6-7A00A32C129D}.Debug|x64.ActiveCfg = Debug|x64
		{466E5EB0-FCC3-47DE-9CA6-7A00A32C129D}.Debug|x64.Build.0 = Debug|x64
		{466E5EB0-FCC3-47DE-9CA6-7A00A32C129D}.Debug|x86.ActiveCfg = Debug|x86
		{466E5EB0-FCC3-47DE-9CA6-7A00A32C129D}.Debug|x86.Build.0 = Debug|x86
		{466E5EB0-FCC3-47DE-9CA6-7A00A32C129D}.Release|Any CPU.ActiveCfg = Release|Any CPU
		{466E5EB0-FCC3-47DE-9CA6-7A00A32C129D}.Release|Any CPU.Build.0 = Release|Any CPU
		{466E5EB0-FCC3-47DE-9CA6-7A00A32C129D}.Release|ARM.ActiveCfg = Release|ARM
		{466E5EB0-FCC3-47DE-9CA6-7A00A32C129D}.Release|ARM.Build.0 = Release|ARM
		{466E5EB0-FCC3-47DE-9CA6-7A00A32C129D}.Release|ARM64.ActiveCfg = Release|ARM64
		{466E5EB0-FCC3-47DE-9CA6-7A00A32C129D}.Release|ARM64.Build.0 = Release|ARM64
		{466E5EB0-FCC3-47DE-9CA6-7A00A32C129D}.Release|iPhone.ActiveCfg = Release|Any CPU
		{466E5EB0-FCC3-47DE-9CA6-7A00A32C129D}.Release|iPhone.Build.0 = Release|Any CPU
		{466E5EB0-FCC3-47DE-9CA6-7A00A32C129D}.Release|iPhoneSimulator.ActiveCfg = Release|Any CPU
		{466E5EB0-FCC3-47DE-9CA6-7A00A32C129D}.Release|iPhoneSimulator.Build.0 = Release|Any CPU
		{466E5EB0-FCC3-47DE-9CA6-7A00A32C129D}.Release|x64.ActiveCfg = Release|x64
		{466E5EB0-FCC3-47DE-9CA6-7A00A32C129D}.Release|x64.Build.0 = Release|x64
		{466E5EB0-FCC3-47DE-9CA6-7A00A32C129D}.Release|x86.ActiveCfg = Release|x86
		{466E5EB0-FCC3-47DE-9CA6-7A00A32C129D}.Release|x86.Build.0 = Release|x86
	EndGlobalSection
	GlobalSection(SolutionProperties) = preSolution
		HideSolutionNode = FALSE
	EndGlobalSection
	GlobalSection(ExtensibilityGlobals) = postSolution
		SolutionGuid = {99C2D5E5-78E7-460D-A327-9D8DEB346CA9}
	EndGlobalSection
EndGlobal
